
Microsoft Visual Studio Solution File, Format Version 12.00
# Visual Studio Version 17
VisualStudioVersion = 17.4.33213.308
MinimumVisualStudioVersion = 10.0.40219.1
Project("{FAE04EC0-301F-11D3-BF4B-00C04F79EFBC}") = "Memo", "Memo\Memo.csproj", "{EA021E73-56B7-4600-AC94-6B1C321BB447}"
EndProject
Global
	GlobalSection(SolutionConfigurationPlatforms) = preSolution
		Debug|Any CPU = Debug|Any CPU
		Release|Any CPU = Release|Any CPU
	EndGlobalSection
	GlobalSection(ProjectConfigurationPlatforms) = postSolution
		{EA021E73-56B7-4600-AC94-6B1C321BB447}.Debug|Any CPU.ActiveCfg = Debug|Any CPU
		{EA021E73-56B7-4600-AC94-6B1C321BB447}.Debug|Any CPU.Build.0 = Debug|Any CPU
		{EA021E73-56B7-4600-AC94-6B1C321BB447}.Release|Any CPU.ActiveCfg = Release|Any CPU
		{EA021E73-56B7-4600-AC94-6B1C321BB447}.Release|Any CPU.Build.0 = Release|Any CPU
	EndGlobalSection
	GlobalSection(SolutionProperties) = preSolution
		HideSolutionNode = FALSE
	EndGlobalSection
	GlobalSection(ExtensibilityGlobals) = postSolution
		SolutionGuid = {45FA85B7-36B4-45C1-951C-9AA9F92E6E34}
	EndGlobalSection
EndGlobal
